// !$*UTF8*$!
{
	archiveVersion = 1;
	classes = {
	};
	objectVersion = 46;
	objects = {

/* Begin PBXBuildFile section */
		42E5573719F0FFD900BA4C7C /* AppDelegate.swift in Sources */ = {isa = PBXBuildFile; fileRef = 42E5573619F0FFD900BA4C7C /* AppDelegate.swift */; };
		42E5573A19F0FFD900BA4C7C /* Reddit.xcdatamodeld in Sources */ = {isa = PBXBuildFile; fileRef = 42E5573819F0FFD900BA4C7C /* Reddit.xcdatamodeld */; };
		42E5573F19F0FFD900BA4C7C /* Main.storyboard in Resources */ = {isa = PBXBuildFile; fileRef = 42E5573D19F0FFD900BA4C7C /* Main.storyboard */; };
		42E5574119F0FFD900BA4C7C /* Images.xcassets in Resources */ = {isa = PBXBuildFile; fileRef = 42E5574019F0FFD900BA4C7C /* Images.xcassets */; };
		42E5574419F0FFD900BA4C7C /* LaunchScreen.xib in Resources */ = {isa = PBXBuildFile; fileRef = 42E5574219F0FFD900BA4C7C /* LaunchScreen.xib */; };
		42E5575019F0FFD900BA4C7C /* RedditTests.swift in Sources */ = {isa = PBXBuildFile; fileRef = 42E5574F19F0FFD900BA4C7C /* RedditTests.swift */; };
		42E5576219F1009600BA4C7C /* InitialViewController.swift in Sources */ = {isa = PBXBuildFile; fileRef = 42E5576119F1009600BA4C7C /* InitialViewController.swift */; };
/* End PBXBuildFile section */

/* Begin PBXContainerItemProxy section */
		42E5574A19F0FFD900BA4C7C /* PBXContainerItemProxy */ = {
			isa = PBXContainerItemProxy;
			containerPortal = 42E5572919F0FFD900BA4C7C /* Project object */;
			proxyType = 1;
			remoteGlobalIDString = 42E5573019F0FFD900BA4C7C;
			remoteInfo = Reddit;
		};
/* End PBXContainerItemProxy section */

/* Begin PBXFileReference section */
		42E5573119F0FFD900BA4C7C /* Reddit.app */ = {isa = PBXFileReference; explicitFileType = wrapper.application; includeInIndex = 0; path = Reddit.app; sourceTree = BUILT_PRODUCTS_DIR; };
		42E5573519F0FFD900BA4C7C /* Info.plist */ = {isa = PBXFileReference; lastKnownFileType = text.plist.xml; path = Info.plist; sourceTree = "<group>"; };
		42E5573619F0FFD900BA4C7C /* AppDelegate.swift */ = {isa = PBXFileReference; lastKnownFileType = sourcecode.swift; path = AppDelegate.swift; sourceTree = "<group>"; };
		42E5573919F0FFD900BA4C7C /* Reddit.xcdatamodel */ = {isa = PBXFileReference; lastKnownFileType = wrapper.xcdatamodel; path = Reddit.xcdatamodel; sourceTree = "<group>"; };
		42E5573E19F0FFD900BA4C7C /* Base */ = {isa = PBXFileReference; lastKnownFileType = file.storyboard; name = Base; path = Base.lproj/Main.storyboard; sourceTree = "<group>"; };
		42E5574019F0FFD900BA4C7C /* Images.xcassets */ = {isa = PBXFileReference; lastKnownFileType = folder.assetcatalog; path = Images.xcassets; sourceTree = "<group>"; };
		42E5574319F0FFD900BA4C7C /* Base */ = {isa = PBXFileReference; lastKnownFileType = file.xib; name = Base; path = Base.lproj/LaunchScreen.xib; sourceTree = "<group>"; };
		42E5574919F0FFD900BA4C7C /* RedditTests.xctest */ = {isa = PBXFileReference; explicitFileType = wrapper.cfbundle; includeInIndex = 0; path = RedditTests.xctest; sourceTree = BUILT_PRODUCTS_DIR; };
		42E5574E19F0FFD900BA4C7C /* Info.plist */ = {isa = PBXFileReference; lastKnownFileType = text.plist.xml; path = Info.plist; sourceTree = "<group>"; };
		42E5574F19F0FFD900BA4C7C /* RedditTests.swift */ = {isa = PBXFileReference; lastKnownFileType = sourcecode.swift; path = RedditTests.swift; sourceTree = "<group>"; };
		42E5576119F1009600BA4C7C /* InitialViewController.swift */ = {isa = PBXFileReference; fileEncoding = 4; lastKnownFileType = sourcecode.swift; path = InitialViewController.swift; sourceTree = "<group>"; };
/* End PBXFileReference section */

/* Begin PBXFrameworksBuildPhase section */
		42E5572E19F0FFD900BA4C7C /* Frameworks */ = {
			isa = PBXFrameworksBuildPhase;
			buildActionMask = 2147483647;
			files = (
			);
			runOnlyForDeploymentPostprocessing = 0;
		};
		42E5574619F0FFD900BA4C7C /* Frameworks */ = {
			isa = PBXFrameworksBuildPhase;
			buildActionMask = 2147483647;
			files = (
			);
			runOnlyForDeploymentPostprocessing = 0;
		};
/* End PBXFrameworksBuildPhase section */

/* Begin PBXGroup section */
		42E5572819F0FFD900BA4C7C = {
			isa = PBXGroup;
			children = (
				42E5573319F0FFD900BA4C7C /* Reddit */,
				42E5574C19F0FFD900BA4C7C /* RedditTests */,
				42E5573219F0FFD900BA4C7C /* Products */,
			);
			sourceTree = "<group>";
		};
		42E5573219F0FFD900BA4C7C /* Products */ = {
			isa = PBXGroup;
			children = (
				42E5573119F0FFD900BA4C7C /* Reddit.app */,
				42E5574919F0FFD900BA4C7C /* RedditTests.xctest */,
			);
			name = Products;
			sourceTree = "<group>";
		};
		42E5573319F0FFD900BA4C7C /* Reddit */ = {
			isa = PBXGroup;
			children = (
				42E5575919F0FFEE00BA4C7C /* Core Data */,
				42E5575D19F1001500BA4C7C /* MVCs */,
				42E5575E19F1002600BA4C7C /* Visuals */,
				42E5575F19F1003600BA4C7C /* Resources */,
				42E5573619F0FFD900BA4C7C /* AppDelegate.swift */,
				42E5573419F0FFD900BA4C7C /* Supporting Files */,
			);
			path = Reddit;
			sourceTree = "<group>";
		};
		42E5573419F0FFD900BA4C7C /* Supporting Files */ = {
			isa = PBXGroup;
			children = (
				42E5573519F0FFD900BA4C7C /* Info.plist */,
			);
			name = "Supporting Files";
			sourceTree = "<group>";
		};
		42E5574C19F0FFD900BA4C7C /* RedditTests */ = {
			isa = PBXGroup;
			children = (
				42E5574F19F0FFD900BA4C7C /* RedditTests.swift */,
				42E5574D19F0FFD900BA4C7C /* Supporting Files */,
			);
			path = RedditTests;
			sourceTree = "<group>";
		};
		42E5574D19F0FFD900BA4C7C /* Supporting Files */ = {
			isa = PBXGroup;
			children = (
				42E5574E19F0FFD900BA4C7C /* Info.plist */,
			);
			name = "Supporting Files";
			sourceTree = "<group>";
		};
		42E5575919F0FFEE00BA4C7C /* Core Data */ = {
			isa = PBXGroup;
			children = (
				42E5575B19F1000500BA4C7C /* Class Categories */,
				42E5575A19F0FFF700BA4C7C /* Generated Classes */,
				42E5573819F0FFD900BA4C7C /* Reddit.xcdatamodeld */,
			);
			name = "Core Data";
			sourceTree = "<group>";
		};
		42E5575A19F0FFF700BA4C7C /* Generated Classes */ = {
			isa = PBXGroup;
			children = (
			);
			name = "Generated Classes";
			sourceTree = "<group>";
		};
		42E5575B19F1000500BA4C7C /* Class Categories */ = {
			isa = PBXGroup;
			children = (
			);
			name = "Class Categories";
			sourceTree = "<group>";
		};
		42E5575D19F1001500BA4C7C /* MVCs */ = {
			isa = PBXGroup;
			children = (
				42E5576019F1008200BA4C7C /* InitialMVC */,
			);
			name = MVCs;
			sourceTree = "<group>";
		};
		42E5575E19F1002600BA4C7C /* Visuals */ = {
			isa = PBXGroup;
			children = (
				42E5573D19F0FFD900BA4C7C /* Main.storyboard */,
				42E5574219F0FFD900BA4C7C /* LaunchScreen.xib */,
			);
			name = Visuals;
			sourceTree = "<group>";
		};
		42E5575F19F1003600BA4C7C /* Resources */ = {
			isa = PBXGroup;
			children = (
				42E5574019F0FFD900BA4C7C /* Images.xcassets */,
			);
			name = Resources;
			sourceTree = "<group>";
		};
		42E5576019F1008200BA4C7C /* InitialMVC */ = {
			isa = PBXGroup;
			children = (
				42E5576119F1009600BA4C7C /* InitialViewController.swift */,
			);
			name = InitialMVC;
			sourceTree = "<group>";
		};
/* End PBXGroup section */

/* Begin PBXNativeTarget section */
		42E5573019F0FFD900BA4C7C /* Reddit */ = {
			isa = PBXNativeTarget;
			buildConfigurationList = 42E5575319F0FFD900BA4C7C /* Build configuration list for PBXNativeTarget "Reddit" */;
			buildPhases = (
				42E5572D19F0FFD900BA4C7C /* Sources */,
				42E5572E19F0FFD900BA4C7C /* Frameworks */,
				42E5572F19F0FFD900BA4C7C /* Resources */,
			);
			buildRules = (
			);
			dependencies = (
			);
			name = Reddit;
			productName = Reddit;
			productReference = 42E5573119F0FFD900BA4C7C /* Reddit.app */;
			productType = "com.apple.product-type.application";
		};
		42E5574819F0FFD900BA4C7C /* RedditTests */ = {
			isa = PBXNativeTarget;
			buildConfigurationList = 42E5575619F0FFD900BA4C7C /* Build configuration list for PBXNativeTarget "RedditTests" */;
			buildPhases = (
				42E5574519F0FFD900BA4C7C /* Sources */,
				42E5574619F0FFD900BA4C7C /* Frameworks */,
				42E5574719F0FFD900BA4C7C /* Resources */,
			);
			buildRules = (
			);
			dependencies = (
				42E5574B19F0FFD900BA4C7C /* PBXTargetDependency */,
			);
			name = RedditTests;
			productName = RedditTests;
			productReference = 42E5574919F0FFD900BA4C7C /* RedditTests.xctest */;
			productType = "com.apple.product-type.bundle.unit-test";
		};
/* End PBXNativeTarget section */

/* Begin PBXProject section */
		42E5572919F0FFD900BA4C7C /* Project object */ = {
			isa = PBXProject;
			attributes = {
				LastUpgradeCheck = 0600;
				ORGANIZATIONNAME = "Vamston Yang";
				TargetAttributes = {
					42E5573019F0FFD900BA4C7C = {
						CreatedOnToolsVersion = 6.0.1;
					};
					42E5574819F0FFD900BA4C7C = {
						CreatedOnToolsVersion = 6.0.1;
						TestTargetID = 42E5573019F0FFD900BA4C7C;
					};
				};
			};
			buildConfigurationList = 42E5572C19F0FFD900BA4C7C /* Build configuration list for PBXProject "Reddit" */;
			compatibilityVersion = "Xcode 3.2";
			developmentRegion = English;
			hasScannedForEncodings = 0;
			knownRegions = (
				en,
				Base,
			);
			mainGroup = 42E5572819F0FFD900BA4C7C;
			productRefGroup = 42E5573219F0FFD900BA4C7C /* Products */;
			projectDirPath = "";
			projectRoot = "";
			targets = (
				42E5573019F0FFD900BA4C7C /* Reddit */,
				42E5574819F0FFD900BA4C7C /* RedditTests */,
			);
		};
/* End PBXProject section */

/* Begin PBXResourcesBuildPhase section */
		42E5572F19F0FFD900BA4C7C /* Resources */ = {
			isa = PBXResourcesBuildPhase;
			buildActionMask = 2147483647;
			files = (
				42E5573F19F0FFD900BA4C7C /* Main.storyboard in Resources */,
				42E5574419F0FFD900BA4C7C /* LaunchScreen.xib in Resources */,
				42E5574119F0FFD900BA4C7C /* Images.xcassets in Resources */,
			);
			runOnlyForDeploymentPostprocessing = 0;
		};
		42E5574719F0FFD900BA4C7C /* Resources */ = {
			isa = PBXResourcesBuildPhase;
			buildActionMask = 2147483647;
			files = (
			);
			runOnlyForDeploymentPostprocessing = 0;
		};
/* End PBXResourcesBuildPhase section */

/* Begin PBXSourcesBuildPhase section */
		42E5572D19F0FFD900BA4C7C /* Sources */ = {
			isa = PBXSourcesBuildPhase;
			buildActionMask = 2147483647;
			files = (
				42E5576219F1009600BA4C7C /* InitialViewController.swift in Sources */,
				42E5573719F0FFD900BA4C7C /* AppDelegate.swift in Sources */,
				42E5573A19F0FFD900BA4C7C /* Reddit.xcdatamodeld in Sources */,
			);
			runOnlyForDeploymentPostprocessing = 0;
		};
		42E5574519F0FFD900BA4C7C /* Sources */ = {
			isa = PBXSourcesBuildPhase;
			buildActionMask = 2147483647;
			files = (
				42E5575019F0FFD900BA4C7C /* RedditTests.swift in Sources */,
			);
			runOnlyForDeploymentPostprocessing = 0;
		};
/* End PBXSourcesBuildPhase section */

/* Begin PBXTargetDependency section */
		42E5574B19F0FFD900BA4C7C /* PBXTargetDependency */ = {
			isa = PBXTargetDependency;
			target = 42E5573019F0FFD900BA4C7C /* Reddit */;
			targetProxy = 42E5574A19F0FFD900BA4C7C /* PBXContainerItemProxy */;
		};
/* End PBXTargetDependency section */

/* Begin PBXVariantGroup section */
		42E5573D19F0FFD900BA4C7C /* Main.storyboard */ = {
			isa = PBXVariantGroup;
			children = (
				42E5573E19F0FFD900BA4C7C /* Base */,
			);
			name = Main.storyboard;
			sourceTree = "<group>";
		};
		42E5574219F0FFD900BA4C7C /* LaunchScreen.xib */ = {
			isa = PBXVariantGroup;
			children = (
				42E5574319F0FFD900BA4C7C /* Base */,
			);
			name = LaunchScreen.xib;
			sourceTree = "<group>";
		};
/* End PBXVariantGroup section */

/* Begin XCBuildConfiguration section */
		42E5575119F0FFD900BA4C7C /* Debug */ = {
			isa = XCBuildConfiguration;
			buildSettings = {
				ALWAYS_SEARCH_USER_PATHS = NO;
				CLANG_CXX_LANGUAGE_STANDARD = "gnu++0x";
				CLANG_CXX_LIBRARY = "libc++";
				CLANG_ENABLE_MODULES = YES;
				CLANG_ENABLE_OBJC_ARC = YES;
				CLANG_WARN_BOOL_CONVERSION = YES;
				CLANG_WARN_CONSTANT_CONVERSION = YES;
				CLANG_WARN_DIRECT_OBJC_ISA_USAGE = YES_ERROR;
				CLANG_WARN_EMPTY_BODY = YES;
				CLANG_WARN_ENUM_CONVERSION = YES;
				CLANG_WARN_INT_CONVERSION = YES;
				CLANG_WARN_OBJC_ROOT_CLASS = YES_ERROR;
				CLANG_WARN_UNREACHABLE_CODE = YES;
				CLANG_WARN__DUPLICATE_METHOD_MATCH = YES;
				"CODE_SIGN_IDENTITY[sdk=iphoneos*]" = "iPhone Developer";
				COPY_PHASE_STRIP = NO;
				ENABLE_STRICT_OBJC_MSGSEND = YES;
				GCC_C_LANGUAGE_STANDARD = gnu99;
				GCC_DYNAMIC_NO_PIC = NO;
				GCC_OPTIMIZATION_LEVEL = 0;
				GCC_PREPROCESSOR_DEFINITIONS = (
					"DEBUG=1",
					"$(inherited)",
				);
				GCC_SYMBOLS_PRIVATE_EXTERN = NO;
				GCC_WARN_64_TO_32_BIT_CONVERSION = YES;
				GCC_WARN_ABOUT_RETURN_TYPE = YES_ERROR;
				GCC_WARN_UNDECLARED_SELECTOR = YES;
				GCC_WARN_UNINITIALIZED_AUTOS = YES_AGGRESSIVE;
				GCC_WARN_UNUSED_FUNCTION = YES;
				GCC_WARN_UNUSED_VARIABLE = YES;
				IPHONEOS_DEPLOYMENT_TARGET = 8.0;
				MTL_ENABLE_DEBUG_INFO = YES;
				ONLY_ACTIVE_ARCH = YES;
				SDKROOT = iphoneos;
				SWIFT_OPTIMIZATION_LEVEL = "-Onone";
			};
			name = Debug;
		};
		42E5575219F0FFD900BA4C7C /* Release */ = {
			isa = XCBuildConfiguration;
			buildSettings = {
				ALWAYS_SEARCH_USER_PATHS = NO;
				CLANG_CXX_LANGUAGE_STANDARD = "gnu++0x";
				CLANG_CXX_LIBRARY = "libc++";
				CLANG_ENABLE_MODULES = YES;
				CLANG_ENABLE_OBJC_ARC = YES;
				CLANG_WARN_BOOL_CONVERSION = YES;
				CLANG_WARN_CONSTANT_CONVERSION = YES;
				CLANG_WARN_DIRECT_OBJC_ISA_USAGE = YES_ERROR;
				CLANG_WARN_EMPTY_BODY = YES;
				CLANG_WARN_ENUM_CONVERSION = YES;
				CLANG_WARN_INT_CONVERSION = YES;
				CLANG_WARN_OBJC_ROOT_CLASS = YES_ERROR;
				CLANG_WARN_UNREACHABLE_CODE = YES;
				CLANG_WARN__DUPLICATE_METHOD_MATCH = YES;
				"CODE_SIGN_IDENTITY[sdk=iphoneos*]" = "iPhone Developer";
				COPY_PHASE_STRIP = YES;
				ENABLE_NS_ASSERTIONS = NO;
				ENABLE_STRICT_OBJC_MSGSEND = YES;
				GCC_C_LANGUAGE_STANDARD = gnu99;
				GCC_WARN_64_TO_32_BIT_CONVERSION = YES;
				GCC_WARN_ABOUT_RETURN_TYPE = YES_ERROR;
				GCC_WARN_UNDECLARED_SELECTOR = YES;
				GCC_WARN_UNINITIALIZED_AUTOS = YES_AGGRESSIVE;
				GCC_WARN_UNUSED_FUNCTION = YES;
				GCC_WARN_UNUSED_VARIABLE = YES;
				IPHONEOS_DEPLOYMENT_TARGET = 8.0;
				MTL_ENABLE_DEBUG_INFO = NO;
				SDKROOT = iphoneos;
				VALIDATE_PRODUCT = YES;
			};
			name = Release;
		};
		42E5575419F0FFD900BA4C7C /* Debug */ = {
			isa = XCBuildConfiguration;
			buildSettings = {
				ASSETCATALOG_COMPILER_APPICON_NAME = AppIcon;
				ASSETCATALOG_COMPILER_LAUNCHIMAGE_NAME = LaunchImage;
				INFOPLIST_FILE = Reddit/Info.plist;
				LD_RUNPATH_SEARCH_PATHS = "$(inherited) @executable_path/Frameworks";
				PRODUCT_NAME = "$(TARGET_NAME)";
			};
			name = Debug;
		};
		42E5575519F0FFD900BA4C7C /* Release */ = {
			isa = XCBuildConfiguration;
			buildSettings = {
				ASSETCATALOG_COMPILER_APPICON_NAME = AppIcon;
				ASSETCATALOG_COMPILER_LAUNCHIMAGE_NAME = LaunchImage;
				INFOPLIST_FILE = Reddit/Info.plist;
				LD_RUNPATH_SEARCH_PATHS = "$(inherited) @executable_path/Frameworks";
				PRODUCT_NAME = "$(TARGET_NAME)";
			};
			name = Release;
		};
		42E5575719F0FFD900BA4C7C /* Debug */ = {
			isa = XCBuildConfiguration;
			buildSettings = {
				BUNDLE_LOADER = "$(TEST_HOST)";
				FRAMEWORK_SEARCH_PATHS = (
					"$(SDKROOT)/Developer/Library/Frameworks",
					"$(inherited)",
				);
				GCC_PREPROCESSOR_DEFINITIONS = (
					"DEBUG=1",
					"$(inherited)",
				);
				INFOPLIST_FILE = RedditTests/Info.plist;
				LD_RUNPATH_SEARCH_PATHS = "$(inherited) @executable_path/Frameworks @loader_path/Frameworks";
				PRODUCT_NAME = "$(TARGET_NAME)";
				TEST_HOST = "$(BUILT_PRODUCTS_DIR)/Reddit.app/Reddit";
			};
			name = Debug;
		};
		42E5575819F0FFD900BA4C7C /* Release */ = {
			isa = XCBuildConfiguration;
			buildSettings = {
				BUNDLE_LOADER = "$(TEST_HOST)";
				FRAMEWORK_SEARCH_PATHS = (
					"$(SDKROOT)/Developer/Library/Frameworks",
					"$(inherited)",
				);
				INFOPLIST_FILE = RedditTests/Info.plist;
				LD_RUNPATH_SEARCH_PATHS = "$(inherited) @executable_path/Frameworks @loader_path/Frameworks";
				PRODUCT_NAME = "$(TARGET_NAME)";
				TEST_HOST = "$(BUILT_PRODUCTS_DIR)/Reddit.app/Reddit";
			};
			name = Release;
		};
/* End XCBuildConfiguration section */

/* Begin XCConfigurationList section */
		42E5572C19F0FFD900BA4C7C /* Build configuration list for PBXProject "Reddit" */ = {
			isa = XCConfigurationList;
			buildConfigurations = (
				42E5575119F0FFD900BA4C7C /* Debug */,
				42E5575219F0FFD900BA4C7C /* Release */,
			);
			defaultConfigurationIsVisible = 0;
			defaultConfigurationName = Release;
		};
		42E5575319F0FFD900BA4C7C /* Build configuration list for PBXNativeTarget "Reddit" */ = {
			isa = XCConfigurationList;
			buildConfigurations = (
				42E5575419F0FFD900BA4C7C /* Debug */,
				42E5575519F0FFD900BA4C7C /* Release */,
			);
			defaultConfigurationIsVisible = 0;
		};
		42E5575619F0FFD900BA4C7C /* Build configuration list for PBXNativeTarget "RedditTests" */ = {
			isa = XCConfigurationList;
			buildConfigurations = (
				42E5575719F0FFD900BA4C7C /* Debug */,
				42E5575819F0FFD900BA4C7C /* Release */,
			);
			defaultConfigurationIsVisible = 0;
		};
/* End XCConfigurationList section */

/* Begin XCVersionGroup section */
		42E5573819F0FFD900BA4C7C /* Reddit.xcdatamodeld */ = {
			isa = XCVersionGroup;
			children = (
				42E5573919F0FFD900BA4C7C /* Reddit.xcdatamodel */,
			);
			currentVersion = 42E5573919F0FFD900BA4C7C /* Reddit.xcdatamodel */;
			path = Reddit.xcdatamodeld;
			sourceTree = "<group>";
			versionGroupType = wrapper.xcdatamodel;
		};
/* End XCVersionGroup section */
	};
	rootObject = 42E5572919F0FFD900BA4C7C /* Project object */;
}
